# DO NOT EDIT MANUALLY - Managed by Fern Replay
version: "1.0"
generations:
  - commit_sha: 2fc5be1edd1af61f4f7c277ddd79cc1f7f55ef60
    tree_hash: ba755ff80cef5c842940b6e1edcec58b05e30a29
    timestamp: 2026-10-09T18:20:08.611Z
    cli_version: unknown
    generator_versions: {}
  - commit_sha: 101162c8221df483b589aefb62e317e34d8280f3
    tree_hash: d93528b102f288c5e0db4d05ddad80e32f17f3cf
    timestamp: 2026-10-09T18:20:08.927Z
    cli_version: 1.11.0
    generator_versions:
      fernapi/fern-typescript-sdk: 3.32.0
current_generation: 101162c8221df483b589aefb62e317e34d8280f3
patches: []
